// !$*UTF8*$!
{
	archiveVersion = 1;
	classes = {
	};
	objectVersion = 46;
	objects = {

/* Begin PBXBuildFile section */
		6304D6F81AB211E0006E56DA /* MemeDetailViewController.swift in Sources */ = {isa = PBXBuildFile; fileRef = 6304D6F71AB211E0006E56DA /* MemeDetailViewController.swift */; };
		6305ED5A1AB0E8250029B547 /* MemeTableView.swift in Sources */ = {isa = PBXBuildFile; fileRef = 6305ED591AB0E8250029B547 /* MemeTableView.swift */; };
		6305ED5E1AB1CD050029B547 /* MemeTableViewCell.swift in Sources */ = {isa = PBXBuildFile; fileRef = 6305ED5D1AB1CD050029B547 /* MemeTableViewCell.swift */; };
		635E07721AB1D4A10022B297 /* MemeCollectionViewController.swift in Sources */ = {isa = PBXBuildFile; fileRef = 635E07711AB1D4A10022B297 /* MemeCollectionViewController.swift */; };
		635E07741AB1D7E50022B297 /* MemeCollectionViewCell.swift in Sources */ = {isa = PBXBuildFile; fileRef = 635E07731AB1D7E50022B297 /* MemeCollectionViewCell.swift */; };
		6383A9B91AAFD93700810558 /* Meme.swift in Sources */ = {isa = PBXBuildFile; fileRef = 6383A9B81AAFD93700810558 /* Meme.swift */; };
		63B77B011AAF546C0039742C /* AppDelegate.swift in Sources */ = {isa = PBXBuildFile; fileRef = 63B77B001AAF546C0039742C /* AppDelegate.swift */; };
		63B77B031AAF546C0039742C /* MemeMeEditor.swift in Sources */ = {isa = PBXBuildFile; fileRef = 63B77B021AAF546C0039742C /* MemeMeEditor.swift */; };
		63B77B061AAF546C0039742C /* Main.storyboard in Resources */ = {isa = PBXBuildFile; fileRef = 63B77B041AAF546C0039742C /* Main.storyboard */; };
		63B77B081AAF546C0039742C /* Images.xcassets in Resources */ = {isa = PBXBuildFile; fileRef = 63B77B071AAF546C0039742C /* Images.xcassets */; };
		63B77B0B1AAF546C0039742C /* LaunchScreen.xib in Resources */ = {isa = PBXBuildFile; fileRef = 63B77B091AAF546C0039742C /* LaunchScreen.xib */; };
		63B77B171AAF546C0039742C /* MemeMeTests.swift in Sources */ = {isa = PBXBuildFile; fileRef = 63B77B161AAF546C0039742C /* MemeMeTests.swift */; };
/* End PBXBuildFile section */

/* Begin PBXContainerItemProxy section */
		63B77B111AAF546C0039742C /* PBXContainerItemProxy */ = {
			isa = PBXContainerItemProxy;
			containerPortal = 63B77AF31AAF546C0039742C /* Project object */;
			proxyType = 1;
			remoteGlobalIDString = 63B77AFA1AAF546C0039742C;
			remoteInfo = MemeMe;
		};
/* End PBXContainerItemProxy section */

/* Begin PBXFileReference section */
		6304D6F71AB211E0006E56DA /* MemeDetailViewController.swift */ = {isa = PBXFileReference; fileEncoding = 4; lastKnownFileType = sourcecode.swift; path = MemeDetailViewController.swift; sourceTree = "<group>"; };
		6305ED591AB0E8250029B547 /* MemeTableView.swift */ = {isa = PBXFileReference; fileEncoding = 4; lastKnownFileType = sourcecode.swift; path = MemeTableView.swift; sourceTree = "<group>"; };
		6305ED5D1AB1CD050029B547 /* MemeTableViewCell.swift */ = {isa = PBXFileReference; fileEncoding = 4; lastKnownFileType = sourcecode.swift; path = MemeTableViewCell.swift; sourceTree = "<group>"; };
		635E07711AB1D4A10022B297 /* MemeCollectionViewController.swift */ = {isa = PBXFileReference; fileEncoding = 4; lastKnownFileType = sourcecode.swift; path = MemeCollectionViewController.swift; sourceTree = "<group>"; };
		635E07731AB1D7E50022B297 /* MemeCollectionViewCell.swift */ = {isa = PBXFileReference; fileEncoding = 4; lastKnownFileType = sourcecode.swift; path = MemeCollectionViewCell.swift; sourceTree = "<group>"; };
		6383A9B81AAFD93700810558 /* Meme.swift */ = {isa = PBXFileReference; fileEncoding = 4; lastKnownFileType = sourcecode.swift; path = Meme.swift; sourceTree = "<group>"; };
		63B77AFB1AAF546C0039742C /* MemeMe.app */ = {isa = PBXFileReference; explicitFileType = wrapper.application; includeInIndex = 0; path = MemeMe.app; sourceTree = BUILT_PRODUCTS_DIR; };
		63B77AFF1AAF546C0039742C /* Info.plist */ = {isa = PBXFileReference; lastKnownFileType = text.plist.xml; path = Info.plist; sourceTree = "<group>"; };
		63B77B001AAF546C0039742C /* AppDelegate.swift */ = {isa = PBXFileReference; lastKnownFileType = sourcecode.swift; path = AppDelegate.swift; sourceTree = "<group>"; };
		63B77B021AAF546C0039742C /* MemeMeEditor.swift */ = {isa = PBXFileReference; lastKnownFileType = sourcecode.swift; path = MemeMeEditor.swift; sourceTree = "<group>"; };
		63B77B051AAF546C0039742C /* Base */ = {isa = PBXFileReference; lastKnownFileType = file.storyboard; name = Base; path = Base.lproj/Main.storyboard; sourceTree = "<group>"; };
		63B77B071AAF546C0039742C /* Images.xcassets */ = {isa = PBXFileReference; lastKnownFileType = folder.assetcatalog; path = Images.xcassets; sourceTree = "<group>"; };
		63B77B0A1AAF546C0039742C /* Base */ = {isa = PBXFileReference; lastKnownFileType = file.xib; name = Base; path = Base.lproj/LaunchScreen.xib; sourceTree = "<group>"; };
		63B77B101AAF546C0039742C /* MemeMeTests.xctest */ = {isa = PBXFileReference; explicitFileType = wrapper.cfbundle; includeInIndex = 0; path = MemeMeTests.xctest; sourceTree = BUILT_PRODUCTS_DIR; };
		63B77B151AAF546C0039742C /* Info.plist */ = {isa = PBXFileReference; lastKnownFileType = text.plist.xml; path = Info.plist; sourceTree = "<group>"; };
		63B77B161AAF546C0039742C /* MemeMeTests.swift */ = {isa = PBXFileReference; lastKnownFileType = sourcecode.swift; path = MemeMeTests.swift; sourceTree = "<group>"; };
/* End PBXFileReference section */

/* Begin PBXFrameworksBuildPhase section */
		63B77AF81AAF546C0039742C /* Frameworks */ = {
			isa = PBXFrameworksBuildPhase;
			buildActionMask = 2147483647;
			files = (
			);
			runOnlyForDeploymentPostprocessing = 0;
		};
		63B77B0D1AAF546C0039742C /* Frameworks */ = {
			isa = PBXFrameworksBuildPhase;
			buildActionMask = 2147483647;
			files = (
			);
			runOnlyForDeploymentPostprocessing = 0;
		};
/* End PBXFrameworksBuildPhase section */

/* Begin PBXGroup section */
		6383A9B51AAFD90100810558 /* Model */ = {
			isa = PBXGroup;
			children = (
				6383A9B81AAFD93700810558 /* Meme.swift */,
			);
			name = Model;
			sourceTree = "<group>";
		};
		6383A9B61AAFD90900810558 /* View */ = {
			isa = PBXGroup;
			children = (
				63B77B041AAF546C0039742C /* Main.storyboard */,
			);
			name = View;
			sourceTree = "<group>";
		};
		6383A9B71AAFD90F00810558 /* Controller */ = {
			isa = PBXGroup;
			children = (
				63B77B021AAF546C0039742C /* MemeMeEditor.swift */,
				6305ED591AB0E8250029B547 /* MemeTableView.swift */,
				6305ED5D1AB1CD050029B547 /* MemeTableViewCell.swift */,
				635E07711AB1D4A10022B297 /* MemeCollectionViewController.swift */,
				635E07731AB1D7E50022B297 /* MemeCollectionViewCell.swift */,
				6304D6F71AB211E0006E56DA /* MemeDetailViewController.swift */,
			);
			name = Controller;
			sourceTree = "<group>";
		};
		63B77AF21AAF546C0039742C = {
			isa = PBXGroup;
			children = (
				63B77AFD1AAF546C0039742C /* MemeMe */,
				63B77B131AAF546C0039742C /* MemeMeTests */,
				63B77AFC1AAF546C0039742C /* Products */,
			);
			sourceTree = "<group>";
		};
		63B77AFC1AAF546C0039742C /* Products */ = {
			isa = PBXGroup;
			children = (
				63B77AFB1AAF546C0039742C /* MemeMe.app */,
				63B77B101AAF546C0039742C /* MemeMeTests.xctest */,
			);
			name = Products;
			sourceTree = "<group>";
		};
		63B77AFD1AAF546C0039742C /* MemeMe */ = {
			isa = PBXGroup;
			children = (
				6383A9B71AAFD90F00810558 /* Controller */,
				6383A9B61AAFD90900810558 /* View */,
				6383A9B51AAFD90100810558 /* Model */,
				63B77B001AAF546C0039742C /* AppDelegate.swift */,
				63B77B071AAF546C0039742C /* Images.xcassets */,
				63B77B091AAF546C0039742C /* LaunchScreen.xib */,
				63B77AFE1AAF546C0039742C /* Supporting Files */,
			);
			path = MemeMe;
			sourceTree = "<group>";
		};
		63B77AFE1AAF546C0039742C /* Supporting Files */ = {
			isa = PBXGroup;
			children = (
				63B77AFF1AAF546C0039742C /* Info.plist */,
			);
			name = "Supporting Files";
			sourceTree = "<group>";
		};
		63B77B131AAF546C0039742C /* MemeMeTests */ = {
			isa = PBXGroup;
			children = (
				63B77B161AAF546C0039742C /* MemeMeTests.swift */,
				63B77B141AAF546C0039742C /* Supporting Files */,
			);
			path = MemeMeTests;
			sourceTree = "<group>";
		};
		63B77B141AAF546C0039742C /* Supporting Files */ = {
			isa = PBXGroup;
			children = (
				63B77B151AAF546C0039742C /* Info.plist */,
			);
			name = "Supporting Files";
			sourceTree = "<group>";
		};
/* End PBXGroup section */

/* Begin PBXNativeTarget section */
		63B77AFA1AAF546C0039742C /* MemeMe */ = {
			isa = PBXNativeTarget;
			buildConfigurationList = 63B77B1A1AAF546C0039742C /* Build configuration list for PBXNativeTarget "MemeMe" */;
			buildPhases = (
				63B77AF71AAF546C0039742C /* Sources */,
				63B77AF81AAF546C0039742C /* Frameworks */,
				63B77AF91AAF546C0039742C /* Resources */,
			);
			buildRules = (
			);
			dependencies = (
			);
			name = MemeMe;
			productName = MemeMe;
			productReference = 63B77AFB1AAF546C0039742C /* MemeMe.app */;
			productType = "com.apple.product-type.application";
		};
		63B77B0F1AAF546C0039742C /* MemeMeTests */ = {
			isa = PBXNativeTarget;
			buildConfigurationList = 63B77B1D1AAF546C0039742C /* Build configuration list for PBXNativeTarget "MemeMeTests" */;
			buildPhases = (
				63B77B0C1AAF546C0039742C /* Sources */,
				63B77B0D1AAF546C0039742C /* Frameworks */,
				63B77B0E1AAF546C0039742C /* Resources */,
			);
			buildRules = (
			);
			dependencies = (
				63B77B121AAF546C0039742C /* PBXTargetDependency */,
			);
			name = MemeMeTests;
			productName = MemeMeTests;
			productReference = 63B77B101AAF546C0039742C /* MemeMeTests.xctest */;
			productType = "com.apple.product-type.bundle.unit-test";
		};
/* End PBXNativeTarget section */

/* Begin PBXProject section */
		63B77AF31AAF546C0039742C /* Project object */ = {
			isa = PBXProject;
			attributes = {
				LastUpgradeCheck = 0610;
				ORGANIZATIONNAME = "David Fry";
				TargetAttributes = {
					63B77AFA1AAF546C0039742C = {
						CreatedOnToolsVersion = 6.1.1;
					};
					63B77B0F1AAF546C0039742C = {
						CreatedOnToolsVersion = 6.1.1;
						TestTargetID = 63B77AFA1AAF546C0039742C;
					};
				};
			};
			buildConfigurationList = 63B77AF61AAF546C0039742C /* Build configuration list for PBXProject "MemeMe" */;
			compatibilityVersion = "Xcode 3.2";
			developmentRegion = English;
			hasScannedForEncodings = 0;
			knownRegions = (
				en,
				Base,
			);
			mainGroup = 63B77AF21AAF546C0039742C;
			productRefGroup = 63B77AFC1AAF546C0039742C /* Products */;
			projectDirPath = "";
			projectRoot = "";
			targets = (
				63B77AFA1AAF546C0039742C /* MemeMe */,
				63B77B0F1AAF546C0039742C /* MemeMeTests */,
			);
		};
/* End PBXProject section */

/* Begin PBXResourcesBuildPhase section */
		63B77AF91AAF546C0039742C /* Resources */ = {
			isa = PBXResourcesBuildPhase;
			buildActionMask = 2147483647;
			files = (
				63B77B061AAF546C0039742C /* Main.storyboard in Resources */,
				63B77B0B1AAF546C0039742C /* LaunchScreen.xib in Resources */,
				63B77B081AAF546C0039742C /* Images.xcassets in Resources */,
			);
			runOnlyForDeploymentPostprocessing = 0;
		};
		63B77B0E1AAF546C0039742C /* Resources */ = {
			isa = PBXResourcesBuildPhase;
			buildActionMask = 2147483647;
			files = (
			);
			runOnlyForDeploymentPostprocessing = 0;
		};
/* End PBXResourcesBuildPhase section */

/* Begin PBXSourcesBuildPhase section */
		63B77AF71AAF546C0039742C /* Sources */ = {
			isa = PBXSourcesBuildPhase;
			buildActionMask = 2147483647;
			files = (
				63B77B031AAF546C0039742C /* MemeMeEditor.swift in Sources */,
				6305ED5A1AB0E8250029B547 /* MemeTableView.swift in Sources */,
				6305ED5E1AB1CD050029B547 /* MemeTableViewCell.swift in Sources */,
				6383A9B91AAFD93700810558 /* Meme.swift in Sources */,
				635E07741AB1D7E50022B297 /* MemeCollectionViewCell.swift in Sources */,
				635E07721AB1D4A10022B297 /* MemeCollectionViewController.swift in Sources */,
				63B77B011AAF546C0039742C /* AppDelegate.swift in Sources */,
				6304D6F81AB211E0006E56DA /* MemeDetailViewController.swift in Sources */,
			);
			runOnlyForDeploymentPostprocessing = 0;
		};
		63B77B0C1AAF546C0039742C /* Sources */ = {
			isa = PBXSourcesBuildPhase;
			buildActionMask = 2147483647;
			files = (
				63B77B171AAF546C0039742C /* MemeMeTests.swift in Sources */,
			);
			runOnlyForDeploymentPostprocessing = 0;
		};
/* End PBXSourcesBuildPhase section */

/* Begin PBXTargetDependency section */
		63B77B121AAF546C0039742C /* PBXTargetDependency */ = {
			isa = PBXTargetDependency;
			target = 63B77AFA1AAF546C0039742C /* MemeMe */;
			targetProxy = 63B77B111AAF546C0039742C /* PBXContainerItemProxy */;
		};
/* End PBXTargetDependency section */

/* Begin PBXVariantGroup section */
		63B77B041AAF546C0039742C /* Main.storyboard */ = {
			isa = PBXVariantGroup;
			children = (
				63B77B051AAF546C0039742C /* Base */,
			);
			name = Main.storyboard;
			sourceTree = "<group>";
		};
		63B77B091AAF546C0039742C /* LaunchScreen.xib */ = {
			isa = PBXVariantGroup;
			children = (
				63B77B0A1AAF546C0039742C /* Base */,
			);
			name = LaunchScreen.xib;
			sourceTree = "<group>";
		};
/* End PBXVariantGroup section */

/* Begin XCBuildConfiguration section */
		63B77B181AAF546C0039742C /* Debug */ = {
			isa = XCBuildConfiguration;
			buildSettings = {
				ALWAYS_SEARCH_USER_PATHS = NO;
				CLANG_CXX_LANGUAGE_STANDARD = "gnu++0x";
				CLANG_CXX_LIBRARY = "libc++";
				CLANG_ENABLE_MODULES = YES;
				CLANG_ENABLE_OBJC_ARC = YES;
				CLANG_WARN_BOOL_CONVERSION = YES;
				CLANG_WARN_CONSTANT_CONVERSION = YES;
				CLANG_WARN_DIRECT_OBJC_ISA_USAGE = YES_ERROR;
				CLANG_WARN_EMPTY_BODY = YES;
				CLANG_WARN_ENUM_CONVERSION = YES;
				CLANG_WARN_INT_CONVERSION = YES;
				CLANG_WARN_OBJC_ROOT_CLASS = YES_ERROR;
				CLANG_WARN_UNREACHABLE_CODE = YES;
				CLANG_WARN__DUPLICATE_METHOD_MATCH = YES;
				"CODE_SIGN_IDENTITY[sdk=iphoneos*]" = "iPhone Developer";
				COPY_PHASE_STRIP = NO;
				ENABLE_STRICT_OBJC_MSGSEND = YES;
				GCC_C_LANGUAGE_STANDARD = gnu99;
				GCC_DYNAMIC_NO_PIC = NO;
				GCC_OPTIMIZATION_LEVEL = 0;
				GCC_PREPROCESSOR_DEFINITIONS = (
					"DEBUG=1",
					"$(inherited)",
				);
				GCC_SYMBOLS_PRIVATE_EXTERN = NO;
				GCC_WARN_64_TO_32_BIT_CONVERSION = YES;
				GCC_WARN_ABOUT_RETURN_TYPE = YES_ERROR;
				GCC_WARN_UNDECLARED_SELECTOR = YES;
				GCC_WARN_UNINITIALIZED_AUTOS = YES_AGGRESSIVE;
				GCC_WARN_UNUSED_FUNCTION = YES;
				GCC_WARN_UNUSED_VARIABLE = YES;
				IPHONEOS_DEPLOYMENT_TARGET = 8.1;
				MTL_ENABLE_DEBUG_INFO = YES;
				ONLY_ACTIVE_ARCH = YES;
				SDKROOT = iphoneos;
				SWIFT_OPTIMIZATION_LEVEL = "-Onone";
			};
			name = Debug;
		};
		63B77B191AAF546C0039742C /* Release */ = {
			isa = XCBuildConfiguration;
			buildSettings = {
				ALWAYS_SEARCH_USER_PATHS = NO;
				CLANG_CXX_LANGUAGE_STANDARD = "gnu++0x";
				CLANG_CXX_LIBRARY = "libc++";
				CLANG_ENABLE_MODULES = YES;
				CLANG_ENABLE_OBJC_ARC = YES;
				CLANG_WARN_BOOL_CONVERSION = YES;
				CLANG_WARN_CONSTANT_CONVERSION = YES;
				CLANG_WARN_DIRECT_OBJC_ISA_USAGE = YES_ERROR;
				CLANG_WARN_EMPTY_BODY = YES;
				CLANG_WARN_ENUM_CONVERSION = YES;
				CLANG_WARN_INT_CONVERSION = YES;
				CLANG_WARN_OBJC_ROOT_CLASS = YES_ERROR;
				CLANG_WARN_UNREACHABLE_CODE = YES;
				CLANG_WARN__DUPLICATE_METHOD_MATCH = YES;
				"CODE_SIGN_IDENTITY[sdk=iphoneos*]" = "iPhone Developer";
				COPY_PHASE_STRIP = YES;
				ENABLE_NS_ASSERTIONS = NO;
				ENABLE_STRICT_OBJC_MSGSEND = YES;
				GCC_C_LANGUAGE_STANDARD = gnu99;
				GCC_WARN_64_TO_32_BIT_CONVERSION = YES;
				GCC_WARN_ABOUT_RETURN_TYPE = YES_ERROR;
				GCC_WARN_UNDECLARED_SELECTOR = YES;
				GCC_WARN_UNINITIALIZED_AUTOS = YES_AGGRESSIVE;
				GCC_WARN_UNUSED_FUNCTION = YES;
				GCC_WARN_UNUSED_VARIABLE = YES;
				IPHONEOS_DEPLOYMENT_TARGET = 8.1;
				MTL_ENABLE_DEBUG_INFO = NO;
				SDKROOT = iphoneos;
				VALIDATE_PRODUCT = YES;
			};
			name = Release;
		};
		63B77B1B1AAF546C0039742C /* Debug */ = {
			isa = XCBuildConfiguration;
			buildSettings = {
				ASSETCATALOG_COMPILER_APPICON_NAME = AppIcon;
				INFOPLIST_FILE = MemeMe/Info.plist;
				LD_RUNPATH_SEARCH_PATHS = "$(inherited) @executable_path/Frameworks";
				PRODUCT_NAME = "$(TARGET_NAME)";
			};
			name = Debug;
		};
		63B77B1C1AAF546C0039742C /* Release */ = {
			isa = XCBuildConfiguration;
			buildSettings = {
				ASSETCATALOG_COMPILER_APPICON_NAME = AppIcon;
				INFOPLIST_FILE = MemeMe/Info.plist;
				LD_RUNPATH_SEARCH_PATHS = "$(inherited) @executable_path/Frameworks";
				PRODUCT_NAME = "$(TARGET_NAME)";
			};
			name = Release;
		};
		63B77B1E1AAF546C0039742C /* Debug */ = {
			isa = XCBuildConfiguration;
			buildSettings = {
				BUNDLE_LOADER = "$(TEST_HOST)";
				FRAMEWORK_SEARCH_PATHS = (
					"$(SDKROOT)/Developer/Library/Frameworks",
					"$(inherited)",
				);
				GCC_PREPROCESSOR_DEFINITIONS = (
					"DEBUG=1",
					"$(inherited)",
				);
				INFOPLIST_FILE = MemeMeTests/Info.plist;
				LD_RUNPATH_SEARCH_PATHS = "$(inherited) @executable_path/Frameworks @loader_path/Frameworks";
				PRODUCT_NAME = "$(TARGET_NAME)";
				TEST_HOST = "$(BUILT_PRODUCTS_DIR)/MemeMe.app/MemeMe";
			};
			name = Debug;
		};
		63B77B1F1AAF546C0039742C /* Release */ = {
			isa = XCBuildConfiguration;
			buildSettings = {
				BUNDLE_LOADER = "$(TEST_HOST)";
				FRAMEWORK_SEARCH_PATHS = (
					"$(SDKROOT)/Developer/Library/Frameworks",
					"$(inherited)",
				);
				INFOPLIST_FILE = MemeMeTests/Info.plist;
				LD_RUNPATH_SEARCH_PATHS = "$(inherited) @executable_path/Frameworks @loader_path/Frameworks";
				PRODUCT_NAME = "$(TARGET_NAME)";
				TEST_HOST = "$(BUILT_PRODUCTS_DIR)/MemeMe.app/MemeMe";
			};
			name = Release;
		};
/* End XCBuildConfiguration section */

/* Begin XCConfigurationList section */
		63B77AF61AAF546C0039742C /* Build configuration list for PBXProject "MemeMe" */ = {
			isa = XCConfigurationList;
			buildConfigurations = (
				63B77B181AAF546C0039742C /* Debug */,
				63B77B191AAF546C0039742C /* Release */,
			);
			defaultConfigurationIsVisible = 0;
			defaultConfigurationName = Release;
		};
		63B77B1A1AAF546C0039742C /* Build configuration list for PBXNativeTarget "MemeMe" */ = {
			isa = XCConfigurationList;
			buildConfigurations = (
				63B77B1B1AAF546C0039742C /* Debug */,
				63B77B1C1AAF546C0039742C /* Release */,
			);
			defaultConfigurationIsVisible = 0;
			defaultConfigurationName = Release;
		};
		63B77B1D1AAF546C0039742C /* Build configuration list for PBXNativeTarget "MemeMeTests" */ = {
			isa = XCConfigurationList;
			buildConfigurations = (
				63B77B1E1AAF546C0039742C /* Debug */,
				63B77B1F1AAF546C0039742C /* Release */,
			);
			defaultConfigurationIsVisible = 0;
			defaultConfigurationName = Release;
		};
/* End XCConfigurationList section */
	};
	rootObject = 63B77AF31AAF546C0039742C /* Project object */;
}
